
Microsoft Visual Studio Solution File, Format Version 12.00
# Visual Studio Version 17
VisualStudioVersion = 17.4.33205.214
MinimumVisualStudioVersion = 10.0.40219.1
Project("{2150E333-8FDC-42A3-9474-1A3956D46DE8}") = "Services", "Services", "{D1722679-E2FA-43A5-897B-35353A8763F4}"
EndProject
Project("{2150E333-8FDC-42A3-9474-1A3956D46DE8}") = "ContactService", "ContactService", "{6787502C-05DC-43CC-90F8-AC50FB2B99D9}"
EndProject
Project("{2150E333-8FDC-42A3-9474-1A3956D46DE8}") = "ReportService", "ReportService", "{DE839BA8-D1A1-46EC-AC9D-71ABFEDE25E1}"
EndProject
Project("{2150E333-8FDC-42A3-9474-1A3956D46DE8}") = "Gateway", "Gateway", "{523FAE5E-7436-4082-A807-4C8B67125F36}"
EndProject
Project("{9A19103F-16F7-4668-BE54-9A1E7A4F7556}") = "telephonedirectory.gateway", "Gateway\telephonedirectory.gateway\telephonedirectory.gateway.csproj", "{B27358EE-4A0F-46EA-8BA6-E3F8D5852930}"
EndProject
Project("{2150E333-8FDC-42A3-9474-1A3956D46DE8}") = "Core", "Core", "{06365F71-8F07-4C98-BFEC-9A3B7A80A9B9}"
EndProject
Project("{2150E333-8FDC-42A3-9474-1A3956D46DE8}") = "Infrastructure", "Infrastructure", "{269CC89D-4306-44DC-8FF8-59171DF93A2E}"
EndProject
Project("{2150E333-8FDC-42A3-9474-1A3956D46DE8}") = "Presentation", "Presentation", "{C3EFEEE9-FAF8-46B7-A625-D6898CFB9B85}"
EndProject
Project("{9A19103F-16F7-4668-BE54-9A1E7A4F7556}") = "contact.application", "Services\ContactServices\Core\contact.application\contact.application.csproj", "{B09E02F3-6F89-46EB-8BC6-A8892DC6D9AD}"
EndProject
Project("{9A19103F-16F7-4668-BE54-9A1E7A4F7556}") = "contact.domain", "Services\ContactServices\Core\contact.domain\contact.domain.csproj", "{5A478E66-8936-4779-B8D2-F89A2CD57B3C}"
EndProject
Project("{9A19103F-16F7-4668-BE54-9A1E7A4F7556}") = "contact.infrastructure", "Services\ContactServices\Infrastructure\contact.infrastructure\contact.infrastructure.csproj", "{4B11676D-63E7-4976-8C67-28CC01E4896E}"
EndProject
Project("{9A19103F-16F7-4668-BE54-9A1E7A4F7556}") = "contact.persistence", "Services\ContactServices\Infrastructure\contact.persistence\contact.persistence.csproj", "{C589420A-5CF7-4798-B105-84B65C5E5F6C}"
EndProject
Project("{9A19103F-16F7-4668-BE54-9A1E7A4F7556}") = "contact.servicehost.api", "Services\ContactServices\Presentation\contact.servicehost.api\contact.servicehost.api.csproj", "{3884ADC8-5E14-435F-B308-CDE740B16BEC}"
EndProject
Project("{2150E333-8FDC-42A3-9474-1A3956D46DE8}") = "Core", "Core", "{FDFBF519-53CE-4F50-9362-BBFB9F9CDDFF}"
EndProject
Project("{2150E333-8FDC-42A3-9474-1A3956D46DE8}") = "Infrastructure", "Infrastructure", "{39E379A6-A6D3-4D14-9E2A-A46B40A0E632}"
EndProject
Project("{2150E333-8FDC-42A3-9474-1A3956D46DE8}") = "Presentation", "Presentation", "{240E0876-398B-439F-A8D3-1E1492483F5D}"
EndProject
Project("{9A19103F-16F7-4668-BE54-9A1E7A4F7556}") = "report.application", "Services\ReportServices\Core\report.application\report.application.csproj", "{3E428BCF-3C4C-4A3A-8908-C6D62A53E4AE}"
EndProject
Project("{9A19103F-16F7-4668-BE54-9A1E7A4F7556}") = "report.domain", "Services\ReportServices\Core\report.domain\report.domain.csproj", "{CA8B5B85-F19E-4090-BD0A-E2A435D00EAE}"
EndProject
Project("{9A19103F-16F7-4668-BE54-9A1E7A4F7556}") = "report.infrastructure", "Services\ReportServices\Infrastructure\report.infrastructure\report.infrastructure.csproj", "{0935E616-DC3E-48D2-9F00-C08716516763}"
EndProject
Project("{9A19103F-16F7-4668-BE54-9A1E7A4F7556}") = "report.persistence", "Services\ReportServices\Infrastructure\report.persistence\report.persistence.csproj", "{EEF4E9C6-F32A-481E-BD0A-59F88F51F1DF}"
EndProject
Project("{9A19103F-16F7-4668-BE54-9A1E7A4F7556}") = "report.servicehost.api", "Services\ReportServices\Presentation\report.servicehost.api\report.servicehost.api.csproj", "{5B795B0D-BBD0-41F4-A81D-9CB4EC62D57B}"
EndProject
Project("{2150E333-8FDC-42A3-9474-1A3956D46DE8}") = "docker-compose-files", "docker-compose-files", "{31CA4629-A136-4285-9589-D75BC11D21E8}"
EndProject
Project("{2150E333-8FDC-42A3-9474-1A3956D46DE8}") = "consul", "consul", "{8003CD0F-DA40-4EF5-A5E4-0F4A72DF3D31}"
	ProjectSection(SolutionItems) = preProject
		docker-compose-files\consul\docker-compose.yml = docker-compose-files\consul\docker-compose.yml
	EndProjectSection
EndProject
Project("{2150E333-8FDC-42A3-9474-1A3956D46DE8}") = "postgres", "postgres", "{599393DC-6179-4559-B7A5-9FE2643DC40D}"
	ProjectSection(SolutionItems) = preProject
		docker-compose-files\postgres\docker-compose.yml = docker-compose-files\postgres\docker-compose.yml
	EndProjectSection
EndProject
Project("{2150E333-8FDC-42A3-9474-1A3956D46DE8}") = "db", "db", "{3313BE71-D07B-4B9B-A086-4A87877F1431}"
EndProject
Project("{2150E333-8FDC-42A3-9474-1A3956D46DE8}") = "init.sql", "init.sql", "{5F86E3BD-3850-4B19-9CE0-7C6CA929465F}"
EndProject
Project("{2150E333-8FDC-42A3-9474-1A3956D46DE8}") = "rabbitmq", "rabbitmq", "{F6BBCA8F-3278-45A1-868E-3446140F6966}"
	ProjectSection(SolutionItems) = preProject
		docker-compose-files\rabbitmq\docker-compose.yml = docker-compose-files\rabbitmq\docker-compose.yml
	EndProjectSection
EndProject
Project("{2150E333-8FDC-42A3-9474-1A3956D46DE8}") = "BuildingBlocks", "BuildingBlocks", "{2C2CF458-FD58-4F48-8613-F3E299164A7F}"
EndProject
Project("{9A19103F-16F7-4668-BE54-9A1E7A4F7556}") = "EventBus", "BuildingBlocks\EventBus\EventBus.csproj", "{D8B884CD-A6A9-403F-B875-6C6C800CB50F}"
EndProject
Project("{2150E333-8FDC-42A3-9474-1A3956D46DE8}") = "Documents", "Documents", "{CFDA3860-1713-467E-9D15-0BE0CA5FDC71}"
	ProjectSection(SolutionItems) = preProject
		..\Rise Rest full dökümanı1.0.docx = ..\Rise Rest full dökümanı1.0.docx
		..\Rise Rest full dökümanı1.0.pdf = ..\Rise Rest full dökümanı1.0.pdf
	EndProjectSection
EndProject
Global
	GlobalSection(SolutionConfigurationPlatforms) = preSolution
		Debug|Any CPU = Debug|Any CPU
		Release|Any CPU = Release|Any CPU
	EndGlobalSection
	GlobalSection(ProjectConfigurationPlatforms) = postSolution
		{B27358EE-4A0F-46EA-8BA6-E3F8D5852930}.Debug|Any CPU.ActiveCfg = Debug|Any CPU
		{B27358EE-4A0F-46EA-8BA6-E3F8D5852930}.Debug|Any CPU.Build.0 = Debug|Any CPU
		{B27358EE-4A0F-46EA-8BA6-E3F8D5852930}.Release|Any CPU.ActiveCfg = Release|Any CPU
		{B27358EE-4A0F-46EA-8BA6-E3F8D5852930}.Release|Any CPU.Build.0 = Release|Any CPU
		{B09E02F3-6F89-46EB-8BC6-A8892DC6D9AD}.Debug|Any CPU.ActiveCfg = Debug|Any CPU
		{B09E02F3-6F89-46EB-8BC6-A8892DC6D9AD}.Debug|Any CPU.Build.0 = Debug|Any CPU
		{B09E02F3-6F89-46EB-8BC6-A8892DC6D9AD}.Release|Any CPU.ActiveCfg = Release|Any CPU
		{B09E02F3-6F89-46EB-8BC6-A8892DC6D9AD}.Release|Any CPU.Build.0 = Release|Any CPU
		{5A478E66-8936-4779-B8D2-F89A2CD57B3C}.Debug|Any CPU.ActiveCfg = Debug|Any CPU
		{5A478E66-8936-4779-B8D2-F89A2CD57B3C}.Debug|Any CPU.Build.0 = Debug|Any CPU
		{5A478E66-8936-4779-B8D2-F89A2CD57B3C}.Release|Any CPU.ActiveCfg = Release|Any CPU
		{5A478E66-8936-4779-B8D2-F89A2CD57B3C}.Release|Any CPU.Build.0 = Release|Any CPU
		{4B11676D-63E7-4976-8C67-28CC01E4896E}.Debug|Any CPU.ActiveCfg = Debug|Any CPU
		{4B11676D-63E7-4976-8C67-28CC01E4896E}.Debug|Any CPU.Build.0 = Debug|Any CPU
		{4B11676D-63E7-4976-8C67-28CC01E4896E}.Release|Any CPU.ActiveCfg = Release|Any CPU
		{4B11676D-63E7-4976-8C67-28CC01E4896E}.Release|Any CPU.Build.0 = Release|Any CPU
		{C589420A-5CF7-4798-B105-84B65C5E5F6C}.Debug|Any CPU.ActiveCfg = Debug|Any CPU
		{C589420A-5CF7-4798-B105-84B65C5E5F6C}.Debug|Any CPU.Build.0 = Debug|Any CPU
		{C589420A-5CF7-4798-B105-84B65C5E5F6C}.Release|Any CPU.ActiveCfg = Release|Any CPU
		{C589420A-5CF7-4798-B105-84B65C5E5F6C}.Release|Any CPU.Build.0 = Release|Any CPU
		{3884ADC8-5E14-435F-B308-CDE740B16BEC}.Debug|Any CPU.ActiveCfg = Debug|Any CPU
		{3884ADC8-5E14-435F-B308-CDE740B16BEC}.Debug|Any CPU.Build.0 = Debug|Any CPU
		{3884ADC8-5E14-435F-B308-CDE740B16BEC}.Release|Any CPU.ActiveCfg = Release|Any CPU
		{3884ADC8-5E14-435F-B308-CDE740B16BEC}.Release|Any CPU.Build.0 = Release|Any CPU
		{3E428BCF-3C4C-4A3A-8908-C6D62A53E4AE}.Debug|Any CPU.ActiveCfg = Debug|Any CPU
		{3E428BCF-3C4C-4A3A-8908-C6D62A53E4AE}.Debug|Any CPU.Build.0 = Debug|Any CPU
		{3E428BCF-3C4C-4A3A-8908-C6D62A53E4AE}.Release|Any CPU.ActiveCfg = Release|Any CPU
		{3E428BCF-3C4C-4A3A-8908-C6D62A53E4AE}.Release|Any CPU.Build.0 = Release|Any CPU
		{CA8B5B85-F19E-4090-BD0A-E2A435D00EAE}.Debug|Any CPU.ActiveCfg = Debug|Any CPU
		{CA8B5B85-F19E-4090-BD0A-E2A435D00EAE}.Debug|Any CPU.Build.0 = Debug|Any CPU
		{CA8B5B85-F19E-4090-BD0A-E2A435D00EAE}.Release|Any CPU.ActiveCfg = Release|Any CPU
		{CA8B5B85-F19E-4090-BD0A-E2A435D00EAE}.Release|Any CPU.Build.0 = Release|Any CPU
		{0935E616-DC3E-48D2-9F00-C08716516763}.Debug|Any CPU.ActiveCfg = Debug|Any CPU
		{0935E616-DC3E-48D2-9F00-C08716516763}.Debug|Any CPU.Build.0 = Debug|Any CPU
		{0935E616-DC3E-48D2-9F00-C08716516763}.Release|Any CPU.ActiveCfg = Release|Any CPU
		{0935E616-DC3E-48D2-9F00-C08716516763}.Release|Any CPU.Build.0 = Release|Any CPU
		{EEF4E9C6-F32A-481E-BD0A-59F88F51F1DF}.Debug|Any CPU.ActiveCfg = Debug|Any CPU
		{EEF4E9C6-F32A-481E-BD0A-59F88F51F1DF}.Debug|Any CPU.Build.0 = Debug|Any CPU
		{EEF4E9C6-F32A-481E-BD0A-59F88F51F1DF}.Release|Any CPU.ActiveCfg = Release|Any CPU
		{EEF4E9C6-F32A-481E-BD0A-59F88F51F1DF}.Release|Any CPU.Build.0 = Release|Any CPU
		{5B795B0D-BBD0-41F4-A81D-9CB4EC62D57B}.Debug|Any CPU.ActiveCfg = Debug|Any CPU
		{5B795B0D-BBD0-41F4-A81D-9CB4EC62D57B}.Debug|Any CPU.Build.0 = Debug|Any CPU
		{5B795B0D-BBD0-41F4-A81D-9CB4EC62D57B}.Release|Any CPU.ActiveCfg = Release|Any CPU
		{5B795B0D-BBD0-41F4-A81D-9CB4EC62D57B}.Release|Any CPU.Build.0 = Release|Any CPU
		{D8B884CD-A6A9-403F-B875-6C6C800CB50F}.Debug|Any CPU.ActiveCfg = Debug|Any CPU
		{D8B884CD-A6A9-403F-B875-6C6C800CB50F}.Debug|Any CPU.Build.0 = Debug|Any CPU
		{D8B884CD-A6A9-403F-B875-6C6C800CB50F}.Release|Any CPU.ActiveCfg = Release|Any CPU
		{D8B884CD-A6A9-403F-B875-6C6C800CB50F}.Release|Any CPU.Build.0 = Release|Any CPU
	EndGlobalSection
	GlobalSection(SolutionProperties) = preSolution
		HideSolutionNode = FALSE
	EndGlobalSection
	GlobalSection(NestedProjects) = preSolution
		{6787502C-05DC-43CC-90F8-AC50FB2B99D9} = {D1722679-E2FA-43A5-897B-35353A8763F4}
		{DE839BA8-D1A1-46EC-AC9D-71ABFEDE25E1} = {D1722679-E2FA-43A5-897B-35353A8763F4}
		{B27358EE-4A0F-46EA-8BA6-E3F8D5852930} = {523FAE5E-7436-4082-A807-4C8B67125F36}
		{06365F71-8F07-4C98-BFEC-9A3B7A80A9B9} = {6787502C-05DC-43CC-90F8-AC50FB2B99D9}
		{269CC89D-4306-44DC-8FF8-59171DF93A2E} = {6787502C-05DC-43CC-90F8-AC50FB2B99D9}
		{C3EFEEE9-FAF8-46B7-A625-D6898CFB9B85} = {6787502C-05DC-43CC-90F8-AC50FB2B99D9}
		{B09E02F3-6F89-46EB-8BC6-A8892DC6D9AD} = {06365F71-8F07-4C98-BFEC-9A3B7A80A9B9}
		{5A478E66-8936-4779-B8D2-F89A2CD57B3C} = {06365F71-8F07-4C98-BFEC-9A3B7A80A9B9}
		{4B11676D-63E7-4976-8C67-28CC01E4896E} = {269CC89D-4306-44DC-8FF8-59171DF93A2E}
		{C589420A-5CF7-4798-B105-84B65C5E5F6C} = {269CC89D-4306-44DC-8FF8-59171DF93A2E}
		{3884ADC8-5E14-435F-B308-CDE740B16BEC} = {C3EFEEE9-FAF8-46B7-A625-D6898CFB9B85}
		{FDFBF519-53CE-4F50-9362-BBFB9F9CDDFF} = {DE839BA8-D1A1-46EC-AC9D-71ABFEDE25E1}
		{39E379A6-A6D3-4D14-9E2A-A46B40A0E632} = {DE839BA8-D1A1-46EC-AC9D-71ABFEDE25E1}
		{240E0876-398B-439F-A8D3-1E1492483F5D} = {DE839BA8-D1A1-46EC-AC9D-71ABFEDE25E1}
		{3E428BCF-3C4C-4A3A-8908-C6D62A53E4AE} = {FDFBF519-53CE-4F50-9362-BBFB9F9CDDFF}
		{CA8B5B85-F19E-4090-BD0A-E2A435D00EAE} = {FDFBF519-53CE-4F50-9362-BBFB9F9CDDFF}
		{0935E616-DC3E-48D2-9F00-C08716516763} = {39E379A6-A6D3-4D14-9E2A-A46B40A0E632}
		{EEF4E9C6-F32A-481E-BD0A-59F88F51F1DF} = {39E379A6-A6D3-4D14-9E2A-A46B40A0E632}
		{5B795B0D-BBD0-41F4-A81D-9CB4EC62D57B} = {240E0876-398B-439F-A8D3-1E1492483F5D}
		{8003CD0F-DA40-4EF5-A5E4-0F4A72DF3D31} = {31CA4629-A136-4285-9589-D75BC11D21E8}
		{599393DC-6179-4559-B7A5-9FE2643DC40D} = {31CA4629-A136-4285-9589-D75BC11D21E8}
		{3313BE71-D07B-4B9B-A086-4A87877F1431} = {599393DC-6179-4559-B7A5-9FE2643DC40D}
		{5F86E3BD-3850-4B19-9CE0-7C6CA929465F} = {3313BE71-D07B-4B9B-A086-4A87877F1431}
		{F6BBCA8F-3278-45A1-868E-3446140F6966} = {31CA4629-A136-4285-9589-D75BC11D21E8}
		{D8B884CD-A6A9-403F-B875-6C6C800CB50F} = {2C2CF458-FD58-4F48-8613-F3E299164A7F}
	EndGlobalSection
	GlobalSection(ExtensibilityGlobals) = postSolution
		SolutionGuid = {BAD9C3B8-1429-47A1-A618-7DCF52C54BED}
	EndGlobalSection
EndGlobal
